# THIS IS AN AUTOGENERATED FILE. DO NOT EDIT THIS FILE DIRECTLY.
# yarn lockfile v1


"@codemirror/autocomplete@^0.20.0":
  version "0.20.3"
  resolved "https://registry.yarnpkg.com/@codemirror/autocomplete/-/autocomplete-0.20.3.tgz#affe2d7e2b2e0be42ee1ac5fb74a1c84a6f1bfd7"
  integrity sha512-lYB+NPGP+LEzAudkWhLfMxhTrxtLILGl938w+RcFrGdrIc54A+UgmCoz+McE3IYRFp4xyQcL4uFJwo+93YdgHw==
  dependencies:
    "@codemirror/language" "^0.20.0"
    "@codemirror/state" "^0.20.0"
    "@codemirror/view" "^0.20.0"
    "@lezer/common" "^0.16.0"

"@codemirror/autocomplete@^6.0.0":
  version "6.18.6"
  resolved "https://registry.yarnpkg.com/@codemirror/autocomplete/-/autocomplete-6.18.6.tgz#de26e864a1ec8192a1b241eb86addbb612964ddb"
  integrity sha512-PHHBXFomUs5DF+9tCOM/UoW6XQ4R44lLNNhRaW9PKPTU0D7lIjRg3ElxaJnTwsl/oHiR93WSXDBrekhoUGCPtg==
  dependencies:
    "@codemirror/language" "^6.0.0"
    "@codemirror/state" "^6.0.0"
    "@codemirror/view" "^6.17.0"
    "@lezer/common" "^1.0.0"

"@codemirror/basic-setup@^0.20.0":
  version "0.20.0"
  resolved "https://registry.yarnpkg.com/@codemirror/basic-setup/-/basic-setup-0.20.0.tgz#ed331e0b2d29efc0a09317de9e10467b992b0c7b"
  integrity sha512-W/ERKMLErWkrVLyP5I8Yh8PXl4r+WFNkdYVSzkXYPQv2RMPSkWpr2BgggiSJ8AHF/q3GuApncDD8I4BZz65fyg==
  dependencies:
    "@codemirror/autocomplete" "^0.20.0"
    "@codemirror/commands" "^0.20.0"
    "@codemirror/language" "^0.20.0"
    "@codemirror/lint" "^0.20.0"
    "@codemirror/search" "^0.20.0"
    "@codemirror/state" "^0.20.0"
    "@codemirror/view" "^0.20.0"

"@codemirror/commands@^0.20.0":
  version "0.20.0"
  resolved "https://registry.yarnpkg.com/@codemirror/commands/-/commands-0.20.0.tgz#51405d442e6b8687b63e8fa27effc28179917c88"
  integrity sha512-v9L5NNVA+A9R6zaFvaTbxs30kc69F6BkOoiEbeFw4m4I0exmDEKBILN6mK+GksJtvTzGBxvhAPlVFTdQW8GB7Q==
  dependencies:
    "@codemirror/language" "^0.20.0"
    "@codemirror/state" "^0.20.0"
    "@codemirror/view" "^0.20.0"
    "@lezer/common" "^0.16.0"

"@codemirror/commands@^6.0.0":
  version "6.8.1"
  resolved "https://registry.yarnpkg.com/@codemirror/commands/-/commands-6.8.1.tgz#639f5559d2f33f2582a2429c58cb0c1b925c7a30"
  integrity sha512-KlGVYufHMQzxbdQONiLyGQDUW0itrLZwq3CcY7xpv9ZLRHqzkBSoteocBHtMCoY7/Ci4xhzSrToIeLg7FxHuaw==
  dependencies:
    "@codemirror/language" "^6.0.0"
    "@codemirror/state" "^6.4.0"
    "@codemirror/view" "^6.27.0"
    "@lezer/common" "^1.1.0"

"@codemirror/language@^0.20.0":
  version "0.20.2"
  resolved "https://registry.yarnpkg.com/@codemirror/language/-/language-0.20.2.tgz#31c3712eac2251810986272dcd6a50510e0c1529"
  integrity sha512-WB3Bnuusw0xhVvhBocieYKwJm04SOk5bPoOEYksVHKHcGHFOaYaw+eZVxR4gIqMMcGzOIUil0FsCmFk8yrhHpw==
  dependencies:
    "@codemirror/state" "^0.20.0"
    "@codemirror/view" "^0.20.0"
    "@lezer/common" "^0.16.0"
    "@lezer/highlight" "^0.16.0"
    "@lezer/lr" "^0.16.0"
    style-mod "^4.0.0"

"@codemirror/language@^6.0.0":
  version "6.11.1"
  resolved "https://registry.yarnpkg.com/@codemirror/language/-/language-6.11.1.tgz#7e91a79cd05e278d5782ff9b4cafe8b83a699688"
  integrity sha512-5kS1U7emOGV84vxC+ruBty5sUgcD0te6dyupyRVG2zaSjhTDM73LhVKUtVwiqSe6QwmEoA4SCiU8AKPFyumAWQ==
  dependencies:
    "@codemirror/state" "^6.0.0"
    "@codemirror/view" "^6.23.0"
    "@lezer/common" "^1.1.0"
    "@lezer/highlight" "^1.0.0"
    "@lezer/lr" "^1.0.0"
    style-mod "^4.0.0"

"@codemirror/legacy-modes@^6.5.1":
  version "6.5.1"
  resolved "https://registry.yarnpkg.com/@codemirror/legacy-modes/-/legacy-modes-6.5.1.tgz#6bd13fac94f67a825e5420017e0d2f3c35d09342"
  integrity sha512-DJYQQ00N1/KdESpZV7jg9hafof/iBNp9h7TYo1SLMk86TWl9uDsVdho2dzd81K+v4retmK6mdC7WpuOQDytQqw==
  dependencies:
    "@codemirror/language" "^6.0.0"

"@codemirror/lint@^0.20.0":
  version "0.20.3"
  resolved "https://registry.yarnpkg.com/@codemirror/lint/-/lint-0.20.3.tgz#34c0fd45c5acd522637f68602e3a416162e03a15"
  integrity sha512-06xUScbbspZ8mKoODQCEx6hz1bjaq9m8W8DxdycWARMiiX1wMtfCh/MoHpaL7ws/KUMwlsFFfp2qhm32oaCvVA==
  dependencies:
    "@codemirror/state" "^0.20.0"
    "@codemirror/view" "^0.20.2"
    crelt "^1.0.5"

"@codemirror/lint@^6.0.0":
  version "6.8.5"
  resolved "https://registry.yarnpkg.com/@codemirror/lint/-/lint-6.8.5.tgz#9edaa808e764e28e07665b015951934c8ec3a418"
  integrity sha512-s3n3KisH7dx3vsoeGMxsbRAgKe4O1vbrnKBClm99PU0fWxmxsx5rR2PfqQgIt+2MMJBHbiJ5rfIdLYfB9NNvsA==
  dependencies:
    "@codemirror/state" "^6.0.0"
    "@codemirror/view" "^6.35.0"
    crelt "^1.0.5"

"@codemirror/search@^0.20.0":
  version "0.20.1"
  resolved "https://registry.yarnpkg.com/@codemirror/search/-/search-0.20.1.tgz#9eba0514218a673e29501a889a4fcb7da7ce24ad"
  integrity sha512-ROe6gRboQU5E4z6GAkNa2kxhXqsGNbeLEisbvzbOeB7nuDYXUZ70vGIgmqPu0tB+1M3F9yWk6W8k2vrFpJaD4Q==
  dependencies:
    "@codemirror/state" "^0.20.0"
    "@codemirror/view" "^0.20.0"
    crelt "^1.0.5"

"@codemirror/search@^6.0.0":
  version "6.5.11"
  resolved "https://registry.yarnpkg.com/@codemirror/search/-/search-6.5.11.tgz#a324ffee36e032b7f67aa31c4fb9f3e6f9f3ed63"
  integrity sha512-KmWepDE6jUdL6n8cAAqIpRmLPBZ5ZKnicE8oGU/s3QrAVID+0VhLFrzUucVKHG5035/BSykhExDL/Xm7dHthiA==
  dependencies:
    "@codemirror/state" "^6.0.0"
    "@codemirror/view" "^6.0.0"
    crelt "^1.0.5"

"@codemirror/state@^0.20.0":
  version "0.20.1"
  resolved "https://registry.yarnpkg.com/@codemirror/state/-/state-0.20.1.tgz#de5c6dc0de3e216eaa3a9ee9391c926b766f6b46"
  integrity sha512-ms0tlV5A02OK0pFvTtSUGMLkoarzh1F8mr6jy1cD7ucSC2X/VLHtQCxfhdSEGqTYlQF2hoZtmLv+amqhdgbwjQ==

"@codemirror/state@^6.0.0", "@codemirror/state@^6.4.0", "@codemirror/state@^6.5.0":
  version "6.5.2"
  resolved "https://registry.yarnpkg.com/@codemirror/state/-/state-6.5.2.tgz#8eca3a64212a83367dc85475b7d78d5c9b7076c6"
  integrity sha512-FVqsPqtPWKVVL3dPSxy8wEF/ymIEuVzF1PK3VbUgrxXpJUSHQWWZz4JMToquRxnkw+36LTamCZG2iua2Ptq0fA==
  dependencies:
    "@marijn/find-cluster-break" "^1.0.0"

"@codemirror/view@^0.20.0", "@codemirror/view@^0.20.2":
  version "0.20.7"
  resolved "https://registry.yarnpkg.com/@codemirror/view/-/view-0.20.7.tgz#1d0acc740f71f92abef4b437c030d4e6c39ab6dc"
  integrity sha512-pqEPCb9QFTOtHgAH5XU/oVy9UR/Anj6r+tG5CRmkNVcqSKEPmBU05WtN/jxJCFZBXf6HumzWC9ydE4qstO3TxQ==
  dependencies:
    "@codemirror/state" "^0.20.0"
    style-mod "^4.0.0"
    w3c-keyname "^2.2.4"

"@codemirror/view@^6.0.0", "@codemirror/view@^6.17.0", "@codemirror/view@^6.23.0", "@codemirror/view@^6.27.0", "@codemirror/view@^6.35.0":
  version "6.37.2"
  resolved "https://registry.yarnpkg.com/@codemirror/view/-/view-6.37.2.tgz#fe576641a2e809a50946567cd2b528c86f22b885"
  integrity sha512-XD3LdgQpxQs5jhOOZ2HRVT+Rj59O4Suc7g2ULvZ+Yi8eCkickrkZ5JFuoDhs2ST1mNI5zSsNYgR3NGa4OUrbnw==
  dependencies:
    "@codemirror/state" "^6.5.0"
    crelt "^1.0.6"
    style-mod "^4.1.0"
    w3c-keyname "^2.2.4"

"@lezer/common@^0.16.0":
  version "0.16.1"
  resolved "https://registry.yarnpkg.com/@lezer/common/-/common-0.16.1.tgz#3b98b42fdb11454b89e8a340da10bee1b0f94071"
  integrity sha512-qPmG7YTZ6lATyTOAWf8vXE+iRrt1NJd4cm2nJHK+v7X9TsOF6+HtuU/ctaZy2RCrluxDb89hI6KWQ5LfQGQWuA==

"@lezer/common@^1.0.0", "@lezer/common@^1.1.0":
  version "1.2.3"
  resolved "https://registry.yarnpkg.com/@lezer/common/-/common-1.2.3.tgz#138fcddab157d83da557554851017c6c1e5667fd"
  integrity sha512-w7ojc8ejBqr2REPsWxJjrMFsA/ysDCFICn8zEOR9mrqzOu2amhITYuLD8ag6XZf0CFXDrhKqw7+tW8cX66NaDA==

"@lezer/highlight@^0.16.0":
  version "0.16.0"
  resolved "https://registry.yarnpkg.com/@lezer/highlight/-/highlight-0.16.0.tgz#95f7b7ee3c32c8a0f6ce499c085e8b1f927ffbdc"
  integrity sha512-iE5f4flHlJ1g1clOStvXNLbORJoiW4Kytso6ubfYzHnaNo/eo5SKhxs4wv/rtvwZQeZrK3we8S9SyA7OGOoRKQ==
  dependencies:
    "@lezer/common" "^0.16.0"

"@lezer/highlight@^1.0.0":
  version "1.2.1"
  resolved "https://registry.yarnpkg.com/@lezer/highlight/-/highlight-1.2.1.tgz#596fa8f9aeb58a608be0a563e960c373cbf23f8b"
  integrity sha512-Z5duk4RN/3zuVO7Jq0pGLJ3qynpxUVsh7IbUbGj88+uV2ApSAn6kWg2au3iJb+0Zi7kKtqffIESgNcRXWZWmSA==
  dependencies:
    "@lezer/common" "^1.0.0"

"@lezer/lr@^0.16.0":
  version "0.16.3"
  resolved "https://registry.yarnpkg.com/@lezer/lr/-/lr-0.16.3.tgz#1e4cc581d2725c498e6a731fc83c379114ba3a70"
  integrity sha512-pau7um4eAw94BEuuShUIeQDTf3k4Wt6oIUOYxMmkZgDHdqtIcxWND4LRxi8nI9KuT4I1bXQv67BCapkxt7Ywqw==
  dependencies:
    "@lezer/common" "^0.16.0"

"@lezer/lr@^1.0.0":
  version "1.4.2"
  resolved "https://registry.yarnpkg.com/@lezer/lr/-/lr-1.4.2.tgz#931ea3dea8e9de84e90781001dae30dea9ff1727"
  integrity sha512-pu0K1jCIdnQ12aWNaAVU5bzi7Bd1w54J3ECgANPmYLtQKP0HBj2cE/5coBD66MT10xbtIuUr7tg0Shbsvk0mDA==
  dependencies:
    "@lezer/common" "^1.0.0"

"@marijn/find-cluster-break@^1.0.0":
  version "1.0.2"
  resolved "https://registry.yarnpkg.com/@marijn/find-cluster-break/-/find-cluster-break-1.0.2.tgz#775374306116d51c0c500b8c4face0f9a04752d8"
  integrity sha512-l0h88YhZFyKdXIFNfSWpyjStDjGHwZ/U7iobcK1cQQD8sejsONdQtTVU+1wVN1PBw40PiiHB1vA5S7VTfQiP9g==

"SwiftLaTeX@https://github.com/SwiftLaTeX/SwiftLaTeX":
  version "0.0.0"
  resolved "https://github.com/SwiftLaTeX/SwiftLaTeX#87dfb950eb9c8e9dcd4ee2a3ac97fbbbacfc618a"

codemirror@^6.0.2:
  version "6.0.2"
  resolved "https://registry.yarnpkg.com/codemirror/-/codemirror-6.0.2.tgz#4d3fea1ad60b6753f97ca835f2f48c6936a8946e"
  integrity sha512-VhydHotNW5w1UGK0Qj96BwSk/Zqbp9WbnyK2W/eVMv4QyF41INRGpjUhFJY7/uDNuudSc33a/PKr4iDqRduvHw==
  dependencies:
    "@codemirror/autocomplete" "^6.0.0"
    "@codemirror/commands" "^6.0.0"
    "@codemirror/language" "^6.0.0"
    "@codemirror/lint" "^6.0.0"
    "@codemirror/search" "^6.0.0"
    "@codemirror/state" "^6.0.0"
    "@codemirror/view" "^6.0.0"

crelt@^1.0.5, crelt@^1.0.6:
  version "1.0.6"
  resolved "https://registry.yarnpkg.com/crelt/-/crelt-1.0.6.tgz#7cc898ea74e190fb6ef9dae57f8f81cf7302df72"
  integrity sha512-VQ2MBenTq1fWZUH9DJNGti7kKv6EeAuYr3cLwxUWhIu1baTaXh4Ib5W2CqHVqib4/MqbYGJqiL3Zb8GJZr3l4g==

react-dom@^19.1.0:
  version "19.1.0"
  resolved "https://registry.yarnpkg.com/react-dom/-/react-dom-19.1.0.tgz#133558deca37fa1d682708df8904b25186793623"
  integrity sha512-Xs1hdnE+DyKgeHJeJznQmYMIBG3TKIHJJT95Q58nHLSrElKlGQqDTR2HQ9fx5CN/Gk6Vh/kupBTDLU11/nDk/g==
  dependencies:
    scheduler "^0.26.0"

react@^19.1.0:
  version "19.1.0"
  resolved "https://registry.yarnpkg.com/react/-/react-19.1.0.tgz#926864b6c48da7627f004795d6cce50e90793b75"
  integrity sha512-FS+XFBNvn3GTAWq26joslQgWNoFu08F4kl0J4CgdNKADkdSGXQyTCnKteIAJy96Br6YbpEU1LSzV5dYtjMkMDg==

scheduler@^0.26.0:
  version "0.26.0"
  resolved "https://registry.yarnpkg.com/scheduler/-/scheduler-0.26.0.tgz#4ce8a8c2a2095f13ea11bf9a445be50c555d6337"
  integrity sha512-NlHwttCI/l5gCPR3D1nNXtWABUmBwvZpEQiD4IXSbIDq8BzLIK/7Ir5gTFSGZDUu37K5cMNp0hFtzO38sC7gWA==

style-mod@^4.0.0, style-mod@^4.1.0:
  version "4.1.2"
  resolved "https://registry.yarnpkg.com/style-mod/-/style-mod-4.1.2.tgz#ca238a1ad4786520f7515a8539d5a63691d7bf67"
  integrity sha512-wnD1HyVqpJUI2+eKZ+eo1UwghftP6yuFheBqqe+bWCotBjC2K1YnteJILRMs3SM4V/0dLEW1SC27MWP5y+mwmw==

"swiftlatex@github:SwiftLaTeX/SwiftLaTeX":
  version "0.0.0"
  resolved "https://codeload.github.com/SwiftLaTeX/SwiftLaTeX/tar.gz/87dfb950eb9c8e9dcd4ee2a3ac97fbbbacfc618a"

w3c-keyname@^2.2.4:
  version "2.2.8"
  resolved "https://registry.yarnpkg.com/w3c-keyname/-/w3c-keyname-2.2.8.tgz#7b17c8c6883d4e8b86ac8aba79d39e880f8869c5"
  integrity sha512-dpojBhNsCNN7T82Tm7k26A6G9ML3NkhDsnw9n/eoxSRlVBB4CEtIQ/KTCLI2Fwf3ataSXRhYFkQi3SlnFwPvPQ==
